
Microsoft Visual Studio Solution File, Format Version 12.00
# Visual Studio Version 17
VisualStudioVersion = 17.2.32630.192
MinimumVisualStudioVersion = 10.0.40219.1
Project("{9A19103F-16F7-4668-BE54-9A1E7A4F7556}") = "NovoProjeto", "NovoProjeto\NovoProjeto.csproj", "{3D0AE3AA-8165-4664-B771-E0DDCDD97628}"
EndProject
Global
	GlobalSection(SolutionConfigurationPlatforms) = preSolution
		Debug|Any CPU = Debug|Any CPU
		Release|Any CPU = Release|Any CPU
	EndGlobalSection
	GlobalSection(ProjectConfigurationPlatforms) = postSolution
		{3D0AE3AA-8165-4664-B771-E0DDCDD97628}.Debug|Any CPU.ActiveCfg = Debug|Any CPU
		{3D0AE3AA-8165-4664-B771-E0DDCDD97628}.Debug|Any CPU.Build.0 = Debug|Any CPU
		{3D0AE3AA-8165-4664-B771-E0DDCDD97628}.Release|Any CPU.ActiveCfg = Release|Any CPU
		{3D0AE3AA-8165-4664-B771-E0DDCDD97628}.Release|Any CPU.Build.0 = Release|Any CPU
	EndGlobalSection
	GlobalSection(SolutionProperties) = preSolution
		HideSolutionNode = FALSE
	EndGlobalSection
	GlobalSection(ExtensibilityGlobals) = postSolution
		SolutionGuid = {9A0FA888-E0DF-47C3-9F48-D5AAF729B160}
	EndGlobalSection
EndGlobal
